<Solution>
  <Configurations>
    <Platform Name="Any CPU" />
    <Platform Name="x64" />
    <Platform Name="x86" />
  </Configurations>
  <Folder Name="/engine/">
    <Project Path="../../../engine/Orbit.Engine.Tests/Orbit.Engine.Tests.csproj" />
    <Project Path="../../../engine/Orbit.Engine/Orbit.Engine.csproj" />
  </Folder>
  <Project Path="../../../engine/Orbit3D.Engine/Orbit3D.Engine.csproj" />
  <Project Path="../DrawingGame.Server/DrawingGame.Server.csproj" />
  <Project Path="../DrawingGame.Shared/DrawingGame.Shared.csproj" />
  <Project Path="DrawingGame.csproj">
    <Deploy Solution="*|Any CPU" />
  </Project>
</Solution>
